// !$*UTF8*$!
{
	archiveVersion = 1;
	classes = {
	};
	objectVersion = 51;
	objects = {

/* Begin PBXBuildFile section */
		1ECB74D2251D80C80077BCCA /* restaurants.json in Resources */ = {isa = PBXBuildFile; fileRef = 1ECB74D1251D80C70077BCCA /* restaurants.json */; };
		1ECB74D5251D85910077BCCA /* Restaurant.swift in Sources */ = {isa = PBXBuildFile; fileRef = 1ECB74D4251D85910077BCCA /* Restaurant.swift */; };
		1ECB74D8251D86ED0077BCCA /* RestaurantService.swift in Sources */ = {isa = PBXBuildFile; fileRef = 1ECB74D7251D86ED0077BCCA /* RestaurantService.swift */; };
		1ECB74DB251D9EC60077BCCA /* RestaurantsListViewModel.swift in Sources */ = {isa = PBXBuildFile; fileRef = 1ECB74DA251D9EC60077BCCA /* RestaurantsListViewModel.swift */; };
		1ECB74DE251DA3DA0077BCCA /* RestaurantViewModel.swift in Sources */ = {isa = PBXBuildFile; fileRef = 1ECB74DD251DA3DA0077BCCA /* RestaurantViewModel.swift */; };
		1EF22815251D4DE700A29E1B /* AppDelegate.swift in Sources */ = {isa = PBXBuildFile; fileRef = 1EF22814251D4DE700A29E1B /* AppDelegate.swift */; };
		1EF22817251D4DE700A29E1B /* SceneDelegate.swift in Sources */ = {isa = PBXBuildFile; fileRef = 1EF22816251D4DE700A29E1B /* SceneDelegate.swift */; };
		1EF22819251D4DE700A29E1B /* ViewController.swift in Sources */ = {isa = PBXBuildFile; fileRef = 1EF22818251D4DE700A29E1B /* ViewController.swift */; };
		1EF2281C251D4DE700A29E1B /* Main.storyboard in Resources */ = {isa = PBXBuildFile; fileRef = 1EF2281A251D4DE700A29E1B /* Main.storyboard */; };
		1EF2281E251D4DE900A29E1B /* Assets.xcassets in Resources */ = {isa = PBXBuildFile; fileRef = 1EF2281D251D4DE900A29E1B /* Assets.xcassets */; };
		1EF22821251D4DE900A29E1B /* LaunchScreen.storyboard in Resources */ = {isa = PBXBuildFile; fileRef = 1EF2281F251D4DE900A29E1B /* LaunchScreen.storyboard */; };
		1EF22829251D513200A29E1B /* AppCoordinator.swift in Sources */ = {isa = PBXBuildFile; fileRef = 1EF22828251D513200A29E1B /* AppCoordinator.swift */; };
		E6D361533BAFB772D9214191 /* Pods_RxSwiftExample.framework in Frameworks */ = {isa = PBXBuildFile; fileRef = 305C6F1848B4D39750B77F44 /* Pods_RxSwiftExample.framework */; };
/* End PBXBuildFile section */

/* Begin PBXFileReference section */
		1ECB74D1251D80C70077BCCA /* restaurants.json */ = {isa = PBXFileReference; lastKnownFileType = text.json; path = restaurants.json; sourceTree = "<group>"; };
		1ECB74D4251D85910077BCCA /* Restaurant.swift */ = {isa = PBXFileReference; lastKnownFileType = sourcecode.swift; path = Restaurant.swift; sourceTree = "<group>"; };
		1ECB74D7251D86ED0077BCCA /* RestaurantService.swift */ = {isa = PBXFileReference; lastKnownFileType = sourcecode.swift; path = RestaurantService.swift; sourceTree = "<group>"; };
		1ECB74DA251D9EC60077BCCA /* RestaurantsListViewModel.swift */ = {isa = PBXFileReference; lastKnownFileType = sourcecode.swift; path = RestaurantsListViewModel.swift; sourceTree = "<group>"; };
		1ECB74DD251DA3DA0077BCCA /* RestaurantViewModel.swift */ = {isa = PBXFileReference; lastKnownFileType = sourcecode.swift; path = RestaurantViewModel.swift; sourceTree = "<group>"; };
		1EF22811251D4DE700A29E1B /* RxSwiftExample.app */ = {isa = PBXFileReference; explicitFileType = wrapper.application; includeInIndex = 0; path = RxSwiftExample.app; sourceTree = BUILT_PRODUCTS_DIR; };
		1EF22814251D4DE700A29E1B /* AppDelegate.swift */ = {isa = PBXFileReference; lastKnownFileType = sourcecode.swift; path = AppDelegate.swift; sourceTree = "<group>"; };
		1EF22816251D4DE700A29E1B /* SceneDelegate.swift */ = {isa = PBXFileReference; lastKnownFileType = sourcecode.swift; path = SceneDelegate.swift; sourceTree = "<group>"; };
		1EF22818251D4DE700A29E1B /* ViewController.swift */ = {isa = PBXFileReference; lastKnownFileType = sourcecode.swift; path = ViewController.swift; sourceTree = "<group>"; };
		1EF2281B251D4DE700A29E1B /* Base */ = {isa = PBXFileReference; lastKnownFileType = file.storyboard; name = Base; path = Base.lproj/Main.storyboard; sourceTree = "<group>"; };
		1EF2281D251D4DE900A29E1B /* Assets.xcassets */ = {isa = PBXFileReference; lastKnownFileType = folder.assetcatalog; path = Assets.xcassets; sourceTree = "<group>"; };
		1EF22820251D4DE900A29E1B /* Base */ = {isa = PBXFileReference; lastKnownFileType = file.storyboard; name = Base; path = Base.lproj/LaunchScreen.storyboard; sourceTree = "<group>"; };
		1EF22822251D4DE900A29E1B /* Info.plist */ = {isa = PBXFileReference; lastKnownFileType = text.plist.xml; path = Info.plist; sourceTree = "<group>"; };
		1EF22828251D513200A29E1B /* AppCoordinator.swift */ = {isa = PBXFileReference; lastKnownFileType = sourcecode.swift; path = AppCoordinator.swift; sourceTree = "<group>"; };
		305C6F1848B4D39750B77F44 /* Pods_RxSwiftExample.framework */ = {isa = PBXFileReference; explicitFileType = wrapper.framework; includeInIndex = 0; path = Pods_RxSwiftExample.framework; sourceTree = BUILT_PRODUCTS_DIR; };
		A608FD62F9BAEE663BFA7E15 /* Pods-RxSwiftExample.release.xcconfig */ = {isa = PBXFileReference; includeInIndex = 1; lastKnownFileType = text.xcconfig; name = "Pods-RxSwiftExample.release.xcconfig"; path = "Target Support Files/Pods-RxSwiftExample/Pods-RxSwiftExample.release.xcconfig"; sourceTree = "<group>"; };
		B177DB6D9B7FC46B5BFDD848 /* Pods-RxSwiftExample.debug.xcconfig */ = {isa = PBXFileReference; includeInIndex = 1; lastKnownFileType = text.xcconfig; name = "Pods-RxSwiftExample.debug.xcconfig"; path = "Target Support Files/Pods-RxSwiftExample/Pods-RxSwiftExample.debug.xcconfig"; sourceTree = "<group>"; };
/* End PBXFileReference section */

/* Begin PBXFrameworksBuildPhase section */
		1EF2280E251D4DE700A29E1B /* Frameworks */ = {
			isa = PBXFrameworksBuildPhase;
			buildActionMask = 2147483647;
			files = (
				E6D361533BAFB772D9214191 /* Pods_RxSwiftExample.framework in Frameworks */,
			);
			runOnlyForDeploymentPostprocessing = 0;
		};
/* End PBXFrameworksBuildPhase section */

/* Begin PBXGroup section */
		1EF22808251D4DE600A29E1B = {
			isa = PBXGroup;
			children = (
				1EF22813251D4DE700A29E1B /* RxSwiftExample */,
				1EF22812251D4DE700A29E1B /* Products */,
				FDF4975F6E4A2FDD39445034 /* Pods */,
				69906262577C2B9998BE9643 /* Frameworks */,
			);
			sourceTree = "<group>";
		};
		1EF22812251D4DE700A29E1B /* Products */ = {
			isa = PBXGroup;
			children = (
				1EF22811251D4DE700A29E1B /* RxSwiftExample.app */,
			);
			name = Products;
			sourceTree = "<group>";
		};
		1EF22813251D4DE700A29E1B /* RxSwiftExample */ = {
			isa = PBXGroup;
			children = (
				1EF22814251D4DE700A29E1B /* AppDelegate.swift */,
				1EF22816251D4DE700A29E1B /* SceneDelegate.swift */,
				1ECB74DA251D9EC60077BCCA /* RestaurantsListViewModel.swift */,
				1EF22828251D513200A29E1B /* AppCoordinator.swift */,
				1ECB74DD251DA3DA0077BCCA /* RestaurantViewModel.swift */,
				1ECB74D4251D85910077BCCA /* Restaurant.swift */,
				1ECB74D1251D80C70077BCCA /* restaurants.json */,
				1ECB74D7251D86ED0077BCCA /* RestaurantService.swift */,
				1EF22818251D4DE700A29E1B /* ViewController.swift */,
				1EF2281A251D4DE700A29E1B /* Main.storyboard */,
				1EF2281D251D4DE900A29E1B /* Assets.xcassets */,
				1EF2281F251D4DE900A29E1B /* LaunchScreen.storyboard */,
				1EF22822251D4DE900A29E1B /* Info.plist */,
			);
			path = RxSwiftExample;
			sourceTree = "<group>";
		};
		69906262577C2B9998BE9643 /* Frameworks */ = {
			isa = PBXGroup;
			children = (
				305C6F1848B4D39750B77F44 /* Pods_RxSwiftExample.framework */,
			);
			name = Frameworks;
			sourceTree = "<group>";
		};
		FDF4975F6E4A2FDD39445034 /* Pods */ = {
			isa = PBXGroup;
			children = (
				B177DB6D9B7FC46B5BFDD848 /* Pods-RxSwiftExample.debug.xcconfig */,
				A608FD62F9BAEE663BFA7E15 /* Pods-RxSwiftExample.release.xcconfig */,
			);
			path = Pods;
			sourceTree = "<group>";
		};
/* End PBXGroup section */

/* Begin PBXNativeTarget section */
		1EF22810251D4DE700A29E1B /* RxSwiftExample */ = {
			isa = PBXNativeTarget;
			buildConfigurationList = 1EF22825251D4DE900A29E1B /* Build configuration list for PBXNativeTarget "RxSwiftExample" */;
			buildPhases = (
				6C3C80BC27685FABAFEE6E09 /* [CP] Check Pods Manifest.lock */,
				1EF2280D251D4DE700A29E1B /* Sources */,
				1EF2280E251D4DE700A29E1B /* Frameworks */,
				1EF2280F251D4DE700A29E1B /* Resources */,
				3BE005D97B1A4C5096F41ED5 /* [CP] Embed Pods Frameworks */,
			);
			buildRules = (
			);
			dependencies = (
			);
			name = RxSwiftExample;
			productName = RxSwiftExample;
			productReference = 1EF22811251D4DE700A29E1B /* RxSwiftExample.app */;
			productType = "com.apple.product-type.application";
		};
/* End PBXNativeTarget section */

/* Begin PBXProject section */
		1EF22809251D4DE600A29E1B /* Project object */ = {
			isa = PBXProject;
			attributes = {
				LastSwiftUpdateCheck = 1170;
				LastUpgradeCheck = 1200;
				ORGANIZATIONNAME = "R. Anderson Smith";
				TargetAttributes = {
					1EF22810251D4DE700A29E1B = {
						CreatedOnToolsVersion = 11.7;
					};
				};
			};
			buildConfigurationList = 1EF2280C251D4DE600A29E1B /* Build configuration list for PBXProject "RxSwiftExample" */;
			compatibilityVersion = "Xcode 9.3";
			developmentRegion = en;
			hasScannedForEncodings = 0;
			knownRegions = (
				en,
				Base,
			);
			mainGroup = 1EF22808251D4DE600A29E1B;
			productRefGroup = 1EF22812251D4DE700A29E1B /* Products */;
			projectDirPath = "";
			projectRoot = "";
			targets = (
				1EF22810251D4DE700A29E1B /* RxSwiftExample */,
			);
		};
/* End PBXProject section */

/* Begin PBXResourcesBuildPhase section */
		1EF2280F251D4DE700A29E1B /* Resources */ = {
			isa = PBXResourcesBuildPhase;
			buildActionMask = 2147483647;
			files = (
				1ECB74D2251D80C80077BCCA /* restaurants.json in Resources */,
				1EF22821251D4DE900A29E1B /* LaunchScreen.storyboard in Resources */,
				1EF2281E251D4DE900A29E1B /* Assets.xcassets in Resources */,
				1EF2281C251D4DE700A29E1B /* Main.storyboard in Resources */,
			);
			runOnlyForDeploymentPostprocessing = 0;
		};
/* End PBXResourcesBuildPhase section */

/* Begin PBXShellScriptBuildPhase section */
		3BE005D97B1A4C5096F41ED5 /* [CP] Embed Pods Frameworks */ = {
			isa = PBXShellScriptBuildPhase;
			buildActionMask = 2147483647;
			files = (
			);
			inputFileListPaths = (
				"${PODS_ROOT}/Target Support Files/Pods-RxSwiftExample/Pods-RxSwiftExample-frameworks-${CONFIGURATION}-input-files.xcfilelist",
			);
			name = "[CP] Embed Pods Frameworks";
			outputFileListPaths = (
				"${PODS_ROOT}/Target Support Files/Pods-RxSwiftExample/Pods-RxSwiftExample-frameworks-${CONFIGURATION}-output-files.xcfilelist",
			);
			runOnlyForDeploymentPostprocessing = 0;
			shellPath = /bin/sh;
			shellScript = "\"${PODS_ROOT}/Target Support Files/Pods-RxSwiftExample/Pods-RxSwiftExample-frameworks.sh\"\n";
			showEnvVarsInLog = 0;
		};
		6C3C80BC27685FABAFEE6E09 /* [CP] Check Pods Manifest.lock */ = {
			isa = PBXShellScriptBuildPhase;
			buildActionMask = 2147483647;
			files = (
			);
			inputFileListPaths = (
			);
			inputPaths = (
				"${PODS_PODFILE_DIR_PATH}/Podfile.lock",
				"${PODS_ROOT}/Manifest.lock",
			);
			name = "[CP] Check Pods Manifest.lock";
			outputFileListPaths = (
			);
			outputPaths = (
				"$(DERIVED_FILE_DIR)/Pods-RxSwiftExample-checkManifestLockResult.txt",
			);
			runOnlyForDeploymentPostprocessing = 0;
			shellPath = /bin/sh;
			shellScript = "diff \"${PODS_PODFILE_DIR_PATH}/Podfile.lock\" \"${PODS_ROOT}/Manifest.lock\" > /dev/null\nif [ $? != 0 ] ; then\n    # print error to STDERR\n    echo \"error: The sandbox is not in sync with the Podfile.lock. Run 'pod install' or update your CocoaPods installation.\" >&2\n    exit 1\nfi\n# This output is used by Xcode 'outputs' to avoid re-running this script phase.\necho \"SUCCESS\" > \"${SCRIPT_OUTPUT_FILE_0}\"\n";
			showEnvVarsInLog = 0;
		};
/* End PBXShellScriptBuildPhase section */

/* Begin PBXSourcesBuildPhase section */
		1EF2280D251D4DE700A29E1B /* Sources */ = {
			isa = PBXSourcesBuildPhase;
			buildActionMask = 2147483647;
			files = (
				1ECB74D5251D85910077BCCA /* Restaurant.swift in Sources */,
				1ECB74DE251DA3DA0077BCCA /* RestaurantViewModel.swift in Sources */,
				1EF22829251D513200A29E1B /* AppCoordinator.swift in Sources */,
				1EF22819251D4DE700A29E1B /* ViewController.swift in Sources */,
				1EF22815251D4DE700A29E1B /* AppDelegate.swift in Sources */,
				1ECB74D8251D86ED0077BCCA /* RestaurantService.swift in Sources */,
				1ECB74DB251D9EC60077BCCA /* RestaurantsListViewModel.swift in Sources */,
				1EF22817251D4DE700A29E1B /* SceneDelegate.swift in Sources */,
			);
			runOnlyForDeploymentPostprocessing = 0;
		};
/* End PBXSourcesBuildPhase section */

/* Begin PBXVariantGroup section */
		1EF2281A251D4DE700A29E1B /* Main.storyboard */ = {
			isa = PBXVariantGroup;
			children = (
				1EF2281B251D4DE700A29E1B /* Base */,
			);
			name = Main.storyboard;
			sourceTree = "<group>";
		};
		1EF2281F251D4DE900A29E1B /* LaunchScreen.storyboard */ = {
			isa = PBXVariantGroup;
			children = (
				1EF22820251D4DE900A29E1B /* Base */,
			);
			name = LaunchScreen.storyboard;
			sourceTree = "<group>";
		};
/* End PBXVariantGroup section */

/* Begin XCBuildConfiguration section */
		1EF22823251D4DE900A29E1B /* Debug */ = {
			isa = XCBuildConfiguration;
			buildSettings = {
				ALWAYS_SEARCH_USER_PATHS = NO;
				CLANG_ANALYZER_NONNULL = YES;
				CLANG_ANALYZER_NUMBER_OBJECT_CONVERSION = YES_AGGRESSIVE;
				CLANG_CXX_LANGUAGE_STANDARD = "gnu++14";
				CLANG_CXX_LIBRARY = "libc++";
				CLANG_ENABLE_MODULES = YES;
				CLANG_ENABLE_OBJC_ARC = YES;
				CLANG_ENABLE_OBJC_WEAK = YES;
				CLANG_WARN_BLOCK_CAPTURE_AUTORELEASING = YES;
				CLANG_WARN_BOOL_CONVERSION = YES;
				CLANG_WARN_COMMA = YES;
				CLANG_WARN_CONSTANT_CONVERSION = YES;
				CLANG_WARN_DEPRECATED_OBJC_IMPLEMENTATIONS = YES;
				CLANG_WARN_DIRECT_OBJC_ISA_USAGE = YES_ERROR;
				CLANG_WARN_DOCUMENTATION_COMMENTS = YES;
				CLANG_WARN_EMPTY_BODY = YES;
				CLANG_WARN_ENUM_CONVERSION = YES;
				CLANG_WARN_INFINITE_RECURSION = YES;
				CLANG_WARN_INT_CONVERSION = YES;
				CLANG_WARN_NON_LITERAL_NULL_CONVERSION = YES;
				CLANG_WARN_OBJC_IMPLICIT_RETAIN_SELF = YES;
				CLANG_WARN_OBJC_LITERAL_CONVERSION = YES;
				CLANG_WARN_OBJC_ROOT_CLASS = YES_ERROR;
				CLANG_WARN_QUOTED_INCLUDE_IN_FRAMEWORK_HEADER = YES;
				CLANG_WARN_RANGE_LOOP_ANALYSIS = YES;
				CLANG_WARN_STRICT_PROTOTYPES = YES;
				CLANG_WARN_SUSPICIOUS_MOVE = YES;
				CLANG_WARN_UNGUARDED_AVAILABILITY = YES_AGGRESSIVE;
				CLANG_WARN_UNREACHABLE_CODE = YES;
				CLANG_WARN__DUPLICATE_METHOD_MATCH = YES;
				COPY_PHASE_STRIP = NO;
				DEBUG_INFORMATION_FORMAT = dwarf;
				ENABLE_STRICT_OBJC_MSGSEND = YES;
				ENABLE_TESTABILITY = YES;
				GCC_C_LANGUAGE_STANDARD = gnu11;
				GCC_DYNAMIC_NO_PIC = NO;
				GCC_NO_COMMON_BLOCKS = YES;
				GCC_OPTIMIZATION_LEVEL = 0;
				GCC_PREPROCESSOR_DEFINITIONS = (
					"DEBUG=1",
					"$(inherited)",
				);
				GCC_WARN_64_TO_32_BIT_CONVERSION = YES;
				GCC_WARN_ABOUT_RETURN_TYPE = YES_ERROR;
				GCC_WARN_UNDECLARED_SELECTOR = YES;
				GCC_WARN_UNINITIALIZED_AUTOS = YES_AGGRESSIVE;
				GCC_WARN_UNUSED_FUNCTION = YES;
				GCC_WARN_UNUSED_VARIABLE = YES;
				IPHONEOS_DEPLOYMENT_TARGET = 13.7;
				MTL_ENABLE_DEBUG_INFO = INCLUDE_SOURCE;
				MTL_FAST_MATH = YES;
				ONLY_ACTIVE_ARCH = YES;
				SDKROOT = iphoneos;
				SWIFT_ACTIVE_COMPILATION_CONDITIONS = DEBUG;
				SWIFT_OPTIMIZATION_LEVEL = "-Onone";
			};
			name = Debug;
		};
		1EF22824251D4DE900A29E1B /* Release */ = {
			isa = XCBuildConfiguration;
			buildSettings = {
				ALWAYS_SEARCH_USER_PATHS = NO;
				CLANG_ANALYZER_NONNULL = YES;
				CLANG_ANALYZER_NUMBER_OBJECT_CONVERSION = YES_AGGRESSIVE;
				CLANG_CXX_LANGUAGE_STANDARD = "gnu++14";
				CLANG_CXX_LIBRARY = "libc++";
				CLANG_ENABLE_MODULES = YES;
				CLANG_ENABLE_OBJC_ARC = YES;
				CLANG_ENABLE_OBJC_WEAK = YES;
				CLANG_WARN_BLOCK_CAPTURE_AUTORELEASING = YES;
				CLANG_WARN_BOOL_CONVERSION = YES;
				CLANG_WARN_COMMA = YES;
				CLANG_WARN_CONSTANT_CONVERSION = YES;
				CLANG_WARN_DEPRECATED_OBJC_IMPLEMENTATIONS = YES;
				CLANG_WARN_DIRECT_OBJC_ISA_USAGE = YES_ERROR;
				CLANG_WARN_DOCUMENTATION_COMMENTS = YES;
				CLANG_WARN_EMPTY_BODY = YES;
				CLANG_WARN_ENUM_CONVERSION = YES;
				CLANG_WARN_INFINITE_RECURSION = YES;
				CLANG_WARN_INT_CONVERSION = YES;
				CLANG_WARN_NON_LITERAL_NULL_CONVERSION = YES;
				CLANG_WARN_OBJC_IMPLICIT_RETAIN_SELF = YES;
				CLANG_WARN_OBJC_LITERAL_CONVERSION = YES;
				CLANG_WARN_OBJC_ROOT_CLASS = YES_ERROR;
				CLANG_WARN_QUOTED_INCLUDE_IN_FRAMEWORK_HEADER = YES;
				CLANG_WARN_RANGE_LOOP_ANALYSIS = YES;
				CLANG_WARN_STRICT_PROTOTYPES = YES;
				CLANG_WARN_SUSPICIOUS_MOVE = YES;
				CLANG_WARN_UNGUARDED_AVAILABILITY = YES_AGGRESSIVE;
				CLANG_WARN_UNREACHABLE_CODE = YES;
				CLANG_WARN__DUPLICATE_METHOD_MATCH = YES;
				COPY_PHASE_STRIP = NO;
				DEBUG_INFORMATION_FORMAT = "dwarf-with-dsym";
				ENABLE_NS_ASSERTIONS = NO;
				ENABLE_STRICT_OBJC_MSGSEND = YES;
				GCC_C_LANGUAGE_STANDARD = gnu11;
				GCC_NO_COMMON_BLOCKS = YES;
				GCC_WARN_64_TO_32_BIT_CONVERSION = YES;
				GCC_WARN_ABOUT_RETURN_TYPE = YES_ERROR;
				GCC_WARN_UNDECLARED_SELECTOR = YES;
				GCC_WARN_UNINITIALIZED_AUTOS = YES_AGGRESSIVE;
				GCC_WARN_UNUSED_FUNCTION = YES;
				GCC_WARN_UNUSED_VARIABLE = YES;
				IPHONEOS_DEPLOYMENT_TARGET = 13.7;
				MTL_ENABLE_DEBUG_INFO = NO;
				MTL_FAST_MATH = YES;
				SDKROOT = iphoneos;
				SWIFT_COMPILATION_MODE = wholemodule;
				SWIFT_OPTIMIZATION_LEVEL = "-O";
				VALIDATE_PRODUCT = YES;
			};
			name = Release;
		};
		1EF22826251D4DE900A29E1B /* Debug */ = {
			isa = XCBuildConfiguration;
			baseConfigurationReference = B177DB6D9B7FC46B5BFDD848 /* Pods-RxSwiftExample.debug.xcconfig */;
			buildSettings = {
				ASSETCATALOG_COMPILER_APPICON_NAME = AppIcon;
				CODE_SIGN_STYLE = Automatic;
				DEVELOPMENT_TEAM = M5SSY9FCB3;
				INFOPLIST_FILE = RxSwiftExample/Info.plist;
				LD_RUNPATH_SEARCH_PATHS = (
					"$(inherited)",
					"@executable_path/Frameworks",
				);
				PRODUCT_BUNDLE_IDENTIFIER = "com.RAS-Samples.RxSwiftExample";
				PRODUCT_NAME = "$(TARGET_NAME)";
				SWIFT_VERSION = 5.0;
				TARGETED_DEVICE_FAMILY = "1,2";
			};
			name = Debug;
		};
		1EF22827251D4DE900A29E1B /* Release */ = {
			isa = XCBuildConfiguration;
			baseConfigurationReference = A608FD62F9BAEE663BFA7E15 /* Pods-RxSwiftExample.release.xcconfig */;
			buildSettings = {
				ASSETCATALOG_COMPILER_APPICON_NAME = AppIcon;
				CODE_SIGN_STYLE = Automatic;
				DEVELOPMENT_TEAM = M5SSY9FCB3;
				INFOPLIST_FILE = RxSwiftExample/Info.plist;
				LD_RUNPATH_SEARCH_PATHS = (
					"$(inherited)",
					"@executable_path/Frameworks",
				);
				PRODUCT_BUNDLE_IDENTIFIER = "com.RAS-Samples.RxSwiftExample";
				PRODUCT_NAME = "$(TARGET_NAME)";
				SWIFT_VERSION = 5.0;
				TARGETED_DEVICE_FAMILY = "1,2";
			};
			name = Release;
		};
/* End XCBuildConfiguration section */

/* Begin XCConfigurationList section */
		1EF2280C251D4DE600A29E1B /* Build configuration list for PBXProject "RxSwiftExample" */ = {
			isa = XCConfigurationList;
			buildConfigurations = (
				1EF22823251D4DE900A29E1B /* Debug */,
				1EF22824251D4DE900A29E1B /* Release */,
			);
			defaultConfigurationIsVisible = 0;
			defaultConfigurationName = Release;
		};
		1EF22825251D4DE900A29E1B /* Build configuration list for PBXNativeTarget "RxSwiftExample" */ = {
			isa = XCConfigurationList;
			buildConfigurations = (
				1EF22826251D4DE900A29E1B /* Debug */,
				1EF22827251D4DE900A29E1B /* Release */,
			);
			defaultConfigurationIsVisible = 0;
			defaultConfigurationName = Release;
		};
/* End XCConfigurationList section */
	};
	rootObject = 1EF22809251D4DE600A29E1B /* Project object */;
}
